
Microsoft Visual Studio Solution File, Format Version 12.00
# Visual Studio Version 16
VisualStudioVersion = 16.0.29911.84
MinimumVisualStudioVersion = 10.0.40219.1
Project("{9A19103F-16F7-4668-BE54-9A1E7A4F7556}") = "Up4All.Framework.MessageBus.ServiceBus", "Up4All.Framework.MessageBus.ServiceBus\Up4All.Framework.MessageBus.ServiceBus.csproj", "{AFBD0C09-A497-4CDE-A601-3267A7F27825}"
EndProject
Project("{9A19103F-16F7-4668-BE54-9A1E7A4F7556}") = "Up4All.Framework.MessageBus.ServiceBus.Tests", "Up4All.Framework.MessageBus.ServiceBus.Tests\Up4All.Framework.MessageBus.ServiceBus.Tests.csproj", "{FD174D64-47B5-4902-AEA9-9BEF5B016C4E}"
EndProject
Global
	GlobalSection(SolutionConfigurationPlatforms) = preSolution
		Debug|Any CPU = Debug|Any CPU
		Release|Any CPU = Release|Any CPU
	EndGlobalSection
	GlobalSection(ProjectConfigurationPlatforms) = postSolution
		{AFBD0C09-A497-4CDE-A601-3267A7F27825}.Debug|Any CPU.ActiveCfg = Debug|Any CPU
		{AFBD0C09-A497-4CDE-A601-3267A7F27825}.Debug|Any CPU.Build.0 = Debug|Any CPU
		{AFBD0C09-A497-4CDE-A601-3267A7F27825}.Release|Any CPU.ActiveCfg = Release|Any CPU
		{AFBD0C09-A497-4CDE-A601-3267A7F27825}.Release|Any CPU.Build.0 = Release|Any CPU
		{FD174D64-47B5-4902-AEA9-9BEF5B016C4E}.Debug|Any CPU.ActiveCfg = Debug|Any CPU
		{FD174D64-47B5-4902-AEA9-9BEF5B016C4E}.Debug|Any CPU.Build.0 = Debug|Any CPU
		{FD174D64-47B5-4902-AEA9-9BEF5B016C4E}.Release|Any CPU.ActiveCfg = Release|Any CPU
		{FD174D64-47B5-4902-AEA9-9BEF5B016C4E}.Release|Any CPU.Build.0 = Release|Any CPU
	EndGlobalSection
	GlobalSection(SolutionProperties) = preSolution
		HideSolutionNode = FALSE
	EndGlobalSection
	GlobalSection(ExtensibilityGlobals) = postSolution
		SolutionGuid = {582BE683-7026-415B-AB62-38BB43619C69}
	EndGlobalSection
EndGlobal
